filippo.io/edwards25519 v1.1.0 h1:FNf4tywRC1HmFuKW5xopWpigGjJKiJSV0Cqo0cJWDaA=
filippo.io/edwards25519 v1.1.0/go.mod h1:BxyFTGdWcka3PhytdK4V28tE5sGfRvvvRV7EaN4VDT4=
github.com/go-sql-driver/mysql v1.9.2 h1:4cNKDYQ1I84SXslGddlsrMhc8k4LeDVj6Ad6WRjiHuU=
github.com/go-sql-driver/mysql v1.9.2/go.mod h1:qn46aNg1333BRMNU69Lq93t8du/dwxI64Gl8i5p1WMU=
github.com/golang-sql/civil v0.0.0-20220223132316-b832511892a9 h1:au07oEsX2xN0ktxqI+Sida1w446QrXBRJ0nee3SNZlA=
github.com/golang-sql/civil v0.0.0-20220223132316-b832511892a9/go.mod h1:8vg3r2VgvsThLBIFL93Qb5yWzgyZWhEmBwUJWevAkK0=
github.com/golang-sql/sqlexp v0.1.0 h1:ZCD6MBpcuOVfGVqsEmY5/4FtYiKz6tSyUv9LPEDei6A=
github.com/golang-sql/sqlexp v0.1.0/go.mod h1:J4ad9Vo8ZCWQ2GMrC4UCQy1JpCbwU9m3EOqtpKwwwHI=
github.com/google/uuid v1.6.0 h1:NIvaJDMOsjHA8n1jAhLSgzrAzy1Hgr+hNrb57e+94F0=
github.com/google/uuid v1.6.0/go.mod h1:TIyPZe4MgqvfeYDBFedMoGGpEw/LqOeaOT+nhxU+yHo=
github.com/lib/pq v1.10.9 h1:YXG7RB+JIjhP29X+OtkiDnYaXQwpS4JEWq7dtCCRUEw=
github.com/lib/pq v1.10.9/go.mod h1:AlVN5x4E4T544tWzH6hKfbfQvm3HdbOxrmggDNAPY9o=
github.com/microsoft/go-mssqldb v1.8.1 h1:/LPVjSb992vTa8CMVvliTMT//UAKj/jpe1xb/jJBjIk=
github.com/microsoft/go-mssqldb v1.8.1/go.mod h1:vp38dT33FGfVotRiTmDo3bFyaHq+p3LektQrjTULowo=
github.com/nttlong/dbx v0.0.0-20250604130058-563d528d90e7 h1:CB1r2jRNw1vLvzVyi3FmV3a8Y/QHWn2uFFoPAxNEOFI=
github.com/nttlong/dbx v0.0.0-20250604130058-563d528d90e7/go.mod h1:h/CcnLFRjzY27cGotdBJ4FzTK8gO/xOPzMSfIrT45wU=
github.com/xwb1989/sqlparser v0.0.0-20180606152119-120387863bf2 h1:zzrxE1FKn5ryBNl9eKOeqQ58Y/Qpo3Q9QNxKHX5uzzQ=
github.com/xwb1989/sqlparser v0.0.0-20180606152119-120387863bf2/go.mod h1:hzfGeIUDq/j97IG+FhNqkowIyEcD88LrW6fyU3K3WqY=
golang.org/x/crypto v0.24.0 h1:mnl8DM0o513X8fdIkmyFE/5hTYxbwYOjDS/+rK6qpRI=
golang.org/x/crypto v0.24.0/go.mod h1:Z1PMYSOR5nyMcyAVAIQSKCDwalqy85Aqn1x3Ws4L5DM=
golang.org/x/text v0.24.0 h1:dd5Bzh4yt5KYA8f9CJHCP4FB4D51c2c6JvN37xJJkJ0=
golang.org/x/text v0.24.0/go.mod h1:L8rBsPeo2pSS+xqN0d5u2ikmjtmoJbDBT1b7nHvFCdU=
google.golang.org/genproto v0.0.0-20250512202823-5a2f75b736a9 h1:0DnDgelxbooHLt0nyiPeCP0zrH/RL+UG558i1oNU1xE=
google.golang.org/genproto v0.0.0-20250512202823-5a2f75b736a9/go.mod h1:IuQRZAKkz+Mhos3ZZ0+hcGaTmLuuTuGw344uzwztGl8=
google.golang.org/protobuf v1.36.6 h1:z1NpPI8ku2WgiWnf+t9wTPsn6eP1L7ksHUlkfLvd9xY=
google.golang.org/protobuf v1.36.6/go.mod h1:jduwjTPXsFjZGTmRluh+L6NjiWu7pchiJ2/5YcXBHnY=
